
Microsoft Visual Studio Solution File, Format Version 12.00
# Visual Studio Version 17
VisualStudioVersion = 17.3.32819.101
MinimumVisualStudioVersion = 10.0.40219.1
Project("{FAE04EC0-301F-11D3-BF4B-00C04F79EFBC}") = "LibraryApi", "LibraryApi\LibraryApi.csproj", "{931B8C30-37A5-4B37-980D-D5A6013F0F70}"
EndProject
Global
	GlobalSection(SolutionConfigurationPlatforms) = preSolution
		Debug|Any CPU = Debug|Any CPU
		Release|Any CPU = Release|Any CPU
	EndGlobalSection
	GlobalSection(ProjectConfigurationPlatforms) = postSolution
		{931B8C30-37A5-4B37-980D-D5A6013F0F70}.Debug|Any CPU.ActiveCfg = Debug|Any CPU
		{931B8C30-37A5-4B37-980D-D5A6013F0F70}.Debug|Any CPU.Build.0 = Debug|Any CPU
		{931B8C30-37A5-4B37-980D-D5A6013F0F70}.Release|Any CPU.ActiveCfg = Release|Any CPU
		{931B8C30-37A5-4B37-980D-D5A6013F0F70}.Release|Any CPU.Build.0 = Release|Any CPU
	EndGlobalSection
	GlobalSection(SolutionProperties) = preSolution
		HideSolutionNode = FALSE
	EndGlobalSection
	GlobalSection(ExtensibilityGlobals) = postSolution
		SolutionGuid = {A78D87F9-439F-4C49-B854-1DA29CA907DA}
	EndGlobalSection
EndGlobal
